
Microsoft Visual Studio Solution File, Format Version 12.00
# Visual Studio Version 17
VisualStudioVersion = 17.5.002.0
MinimumVisualStudioVersion = 10.0.40219.1
Project("{9A19103F-16F7-4668-BE54-9A1E7A4F7556}") = "Complaints.Api", "Complaints.Api\Complaints.Api.csproj", "{9CAC17AA-F118-48DF-A642-2130D7D08532}"
EndProject
Global
	GlobalSection(SolutionConfigurationPlatforms) = preSolution
		Debug|Any CPU = Debug|Any CPU
		Release|Any CPU = Release|Any CPU
	EndGlobalSection
	GlobalSection(ProjectConfigurationPlatforms) = postSolution
		{9CAC17AA-F118-48DF-A642-2130D7D08532}.Debug|Any CPU.ActiveCfg = Debug|Any CPU
		{9CAC17AA-F118-48DF-A642-2130D7D08532}.Debug|Any CPU.Build.0 = Debug|Any CPU
		{9CAC17AA-F118-48DF-A642-2130D7D08532}.Release|Any CPU.ActiveCfg = Release|Any CPU
		{9CAC17AA-F118-48DF-A642-2130D7D08532}.Release|Any CPU.Build.0 = Release|Any CPU
	EndGlobalSection
	GlobalSection(SolutionProperties) = preSolution
		HideSolutionNode = FALSE
	EndGlobalSection
	GlobalSection(ExtensibilityGlobals) = postSolution
		SolutionGuid = {393F5E17-E37F-4D5A-B00D-0E55613E0876}
	EndGlobalSection
EndGlobal
